
Microsoft Visual Studio Solution File, Format Version 12.00
# Visual Studio Version 17
VisualStudioVersion = 17.14.36518.9 d17.14
MinimumVisualStudioVersion = 10.0.40219.1
Project("{8BC9CEB8-8B4A-11D0-8D11-00A0C91BC942}") = "chek3", "chek3\chek3.vcxproj", "{43899CC5-BD09-4D4A-BF71-7F39748CCFA9}"
EndProject
Global
	GlobalSection(SolutionConfigurationPlatforms) = preSolution
		Debug|x64 = Debug|x64
		Debug|x86 = Debug|x86
		Release|x64 = Release|x64
		Release|x86 = Release|x86
	EndGlobalSection
	GlobalSection(ProjectConfigurationPlatforms) = postSolution
		{43899CC5-BD09-4D4A-BF71-7F39748CCFA9}.Debug|x64.ActiveCfg = Debug|x64
		{43899CC5-BD09-4D4A-BF71-7F39748CCFA9}.Debug|x64.Build.0 = Debug|x64
		{43899CC5-BD09-4D4A-BF71-7F39748CCFA9}.Debug|x86.ActiveCfg = Debug|Win32
		{43899CC5-BD09-4D4A-BF71-7F39748CCFA9}.Debug|x86.Build.0 = Debug|Win32
		{43899CC5-BD09-4D4A-BF71-7F39748CCFA9}.Release|x64.ActiveCfg = Release|x64
		{43899CC5-BD09-4D4A-BF71-7F39748CCFA9}.Release|x64.Build.0 = Release|x64
		{43899CC5-BD09-4D4A-BF71-7F39748CCFA9}.Release|x86.ActiveCfg = Release|Win32
		{43899CC5-BD09-4D4A-BF71-7F39748CCFA9}.Release|x86.Build.0 = Release|Win32
	EndGlobalSection
	GlobalSection(SolutionProperties) = preSolution
		HideSolutionNode = FALSE
	EndGlobalSection
	GlobalSection(ExtensibilityGlobals) = postSolution
		SolutionGuid = {DFC5F339-3AE0-4BEF-B5EB-090CC5EB9A8A}
	EndGlobalSection
EndGlobal
